
Microsoft Visual Studio Solution File, Format Version 12.00
# Visual Studio 15
VisualStudioVersion = 15.0.27703.2035
MinimumVisualStudioVersion = 10.0.40219.1
Project("{FAE04EC0-301F-11D3-BF4B-00C04F79EFBC}") = "imgTimeFix1", "imgTimeFix1\imgTimeFix1.csproj", "{17B72A10-7CCB-42E0-92FE-D2C7807981EC}"
EndProject
Global
	GlobalSection(SolutionConfigurationPlatforms) = preSolution
		Debug|Any CPU = Debug|Any CPU
		Release|Any CPU = Release|Any CPU
	EndGlobalSection
	GlobalSection(ProjectConfigurationPlatforms) = postSolution
		{17B72A10-7CCB-42E0-92FE-D2C7807981EC}.Debug|Any CPU.ActiveCfg = Debug|Any CPU
		{17B72A10-7CCB-42E0-92FE-D2C7807981EC}.Debug|Any CPU.Build.0 = Debug|Any CPU
		{17B72A10-7CCB-42E0-92FE-D2C7807981EC}.Release|Any CPU.ActiveCfg = Release|Any CPU
		{17B72A10-7CCB-42E0-92FE-D2C7807981EC}.Release|Any CPU.Build.0 = Release|Any CPU
	EndGlobalSection
	GlobalSection(SolutionProperties) = preSolution
		HideSolutionNode = FALSE
	EndGlobalSection
	GlobalSection(ExtensibilityGlobals) = postSolution
		SolutionGuid = {36C7D9CC-D3DB-442C-99F2-5EB89A37F7D9}
	EndGlobalSection
EndGlobal
